
Microsoft Visual Studio Solution File, Format Version 12.00
# Visual Studio Version 17
VisualStudioVersion = 17.9.34622.214
MinimumVisualStudioVersion = 10.0.40219.1
Project("{FAE04EC0-301F-11D3-BF4B-00C04F79EFBC}") = "VanriseInternship_KawtharHijazi", "VanriseInternship_KawtharHijazi.csproj", "{B072D3DD-7E61-4E1E-AF53-91D666B6D48E}"
EndProject
Global
	GlobalSection(SolutionConfigurationPlatforms) = preSolution
		Debug|Any CPU = Debug|Any CPU
		Release|Any CPU = Release|Any CPU
	EndGlobalSection
	GlobalSection(ProjectConfigurationPlatforms) = postSolution
		{B072D3DD-7E61-4E1E-AF53-91D666B6D48E}.Debug|Any CPU.ActiveCfg = Debug|Any CPU
		{B072D3DD-7E61-4E1E-AF53-91D666B6D48E}.Debug|Any CPU.Build.0 = Debug|Any CPU
		{B072D3DD-7E61-4E1E-AF53-91D666B6D48E}.Release|Any CPU.ActiveCfg = Release|Any CPU
		{B072D3DD-7E61-4E1E-AF53-91D666B6D48E}.Release|Any CPU.Build.0 = Release|Any CPU
	EndGlobalSection
	GlobalSection(SolutionProperties) = preSolution
		HideSolutionNode = FALSE
	EndGlobalSection
	GlobalSection(ExtensibilityGlobals) = postSolution
		SolutionGuid = {5B327942-57AC-413E-9957-C06862DC14F6}
	EndGlobalSection
EndGlobal
